
Microsoft Visual Studio Solution File, Format Version 11.00
# Visual Studio 2010
Project("{FAE04EC0-301F-11D3-BF4B-00C04F79EFBC}") = "Assembly-CSharp", "Assembly-CSharp.csproj", "{B58A11CD-A909-856F-2F12-25FC73B3CF40}"
EndProject
Project("{FAE04EC0-301F-11D3-BF4B-00C04F79EFBC}") = "Assembly-CSharp-firstpass", "Assembly-CSharp-firstpass.csproj", "{05B6BDBA-9487-3760-535D-5C7CFB4873EE}"
EndProject
Project("{FAE04EC0-301F-11D3-BF4B-00C04F79EFBC}") = "Assembly-CSharp-Editor", "Assembly-CSharp-Editor.csproj", "{1285C1CB-CA35-1790-752C-3E88BB212DA4}"
EndProject
Project("{FAE04EC0-301F-11D3-BF4B-00C04F79EFBC}") = "Assembly-CSharp-Editor-firstpass", "Assembly-CSharp-Editor-firstpass.csproj", "{1081712B-6C1A-8FF7-B026-91DA24E76FA4}"
EndProject
Global
	GlobalSection(SolutionConfigurationPlatforms) = preSolution
		Debug|Any CPU = Debug|Any CPU
		Release|Any CPU = Release|Any CPU
	EndGlobalSection
	GlobalSection(ProjectConfigurationPlatforms) = postSolution
		{B58A11CD-A909-856F-2F12-25FC73B3CF40}.Debug|Any CPU.ActiveCfg = Debug|Any CPU
		{B58A11CD-A909-856F-2F12-25FC73B3CF40}.Debug|Any CPU.Build.0 = Debug|Any CPU
		{B58A11CD-A909-856F-2F12-25FC73B3CF40}.Release|Any CPU.ActiveCfg = Release|Any CPU
		{B58A11CD-A909-856F-2F12-25FC73B3CF40}.Release|Any CPU.Build.0 = Release|Any CPU
		{05B6BDBA-9487-3760-535D-5C7CFB4873EE}.Debug|Any CPU.ActiveCfg = Debug|Any CPU
		{05B6BDBA-9487-3760-535D-5C7CFB4873EE}.Debug|Any CPU.Build.0 = Debug|Any CPU
		{05B6BDBA-9487-3760-535D-5C7CFB4873EE}.Release|Any CPU.ActiveCfg = Release|Any CPU
		{05B6BDBA-9487-3760-535D-5C7CFB4873EE}.Release|Any CPU.Build.0 = Release|Any CPU
		{1285C1CB-CA35-1790-752C-3E88BB212DA4}.Debug|Any CPU.ActiveCfg = Debug|Any CPU
		{1285C1CB-CA35-1790-752C-3E88BB212DA4}.Debug|Any CPU.Build.0 = Debug|Any CPU
		{1285C1CB-CA35-1790-752C-3E88BB212DA4}.Release|Any CPU.ActiveCfg = Release|Any CPU
		{1285C1CB-CA35-1790-752C-3E88BB212DA4}.Release|Any CPU.Build.0 = Release|Any CPU
		{1081712B-6C1A-8FF7-B026-91DA24E76FA4}.Debug|Any CPU.ActiveCfg = Debug|Any CPU
		{1081712B-6C1A-8FF7-B026-91DA24E76FA4}.Debug|Any CPU.Build.0 = Debug|Any CPU
		{1081712B-6C1A-8FF7-B026-91DA24E76FA4}.Release|Any CPU.ActiveCfg = Release|Any CPU
		{1081712B-6C1A-8FF7-B026-91DA24E76FA4}.Release|Any CPU.Build.0 = Release|Any CPU
	EndGlobalSection
	GlobalSection(SolutionProperties) = preSolution
		HideSolutionNode = FALSE
	EndGlobalSection
EndGlobal
